
Microsoft Visual Studio Solution File, Format Version 12.00
# Visual Studio Version 17
VisualStudioVersion = 17.3.32825.248
MinimumVisualStudioVersion = 10.0.40219.1
Project("{FAE04EC0-301F-11D3-BF4B-00C04F79EFBC}") = "Exec2_Star", "Exec2_Star\Exec2_Star.csproj", "{D129DDC6-4C34-4B2E-BB09-291FA7673DA0}"
EndProject
Global
	GlobalSection(SolutionConfigurationPlatforms) = preSolution
		Debug|Any CPU = Debug|Any CPU
		Release|Any CPU = Release|Any CPU
	EndGlobalSection
	GlobalSection(ProjectConfigurationPlatforms) = postSolution
		{D129DDC6-4C34-4B2E-BB09-291FA7673DA0}.Debug|Any CPU.ActiveCfg = Debug|Any CPU
		{D129DDC6-4C34-4B2E-BB09-291FA7673DA0}.Debug|Any CPU.Build.0 = Debug|Any CPU
		{D129DDC6-4C34-4B2E-BB09-291FA7673DA0}.Release|Any CPU.ActiveCfg = Release|Any CPU
		{D129DDC6-4C34-4B2E-BB09-291FA7673DA0}.Release|Any CPU.Build.0 = Release|Any CPU
	EndGlobalSection
	GlobalSection(SolutionProperties) = preSolution
		HideSolutionNode = FALSE
	EndGlobalSection
	GlobalSection(ExtensibilityGlobals) = postSolution
		SolutionGuid = {3386796C-161D-4CAE-87ED-1CA7320A0211}
	EndGlobalSection
EndGlobal
